
Microsoft Visual Studio Solution File, Format Version 12.00
# Visual Studio 2013
VisualStudioVersion = 12.0.31101.0
MinimumVisualStudioVersion = 10.0.40219.1
Project("{FAE04EC0-301F-11D3-BF4B-00C04F79EFBC}") = "Decent.IMS.GUI", "Decent.IMS.GUI\Decent.IMS.GUI.csproj", "{3FD349AD-C3ED-4C15-94AE-484028C296D9}"
EndProject
Project("{FAE04EC0-301F-11D3-BF4B-00C04F79EFBC}") = "Decent.IMS.BL", "Decent.IMS.BL\Decent.IMS.BL.csproj", "{25A8097F-58DF-4ACC-90D6-75771E50CF80}"
EndProject
Project("{FAE04EC0-301F-11D3-BF4B-00C04F79EFBC}") = "Decent.IMS.Data", "Decent.IMS.Data\Decent.IMS.Data.csproj", "{89303699-5925-40E6-8632-C0E44988DE1C}"
EndProject
Project("{FAE04EC0-301F-11D3-BF4B-00C04F79EFBC}") = "Decent.IMS.Framework", "Decent.IMS.Framework\Decent.IMS.Framework.csproj", "{353B9965-4C77-43EB-8250-9A7F136C0CCE}"
EndProject
Global
	GlobalSection(SolutionConfigurationPlatforms) = preSolution
		Debug|Any CPU = Debug|Any CPU
		Release|Any CPU = Release|Any CPU
	EndGlobalSection
	GlobalSection(ProjectConfigurationPlatforms) = postSolution
		{3FD349AD-C3ED-4C15-94AE-484028C296D9}.Debug|Any CPU.ActiveCfg = Debug|Any CPU
		{3FD349AD-C3ED-4C15-94AE-484028C296D9}.Debug|Any CPU.Build.0 = Debug|Any CPU
		{3FD349AD-C3ED-4C15-94AE-484028C296D9}.Release|Any CPU.ActiveCfg = Release|Any CPU
		{3FD349AD-C3ED-4C15-94AE-484028C296D9}.Release|Any CPU.Build.0 = Release|Any CPU
		{25A8097F-58DF-4ACC-90D6-75771E50CF80}.Debug|Any CPU.ActiveCfg = Debug|Any CPU
		{25A8097F-58DF-4ACC-90D6-75771E50CF80}.Debug|Any CPU.Build.0 = Debug|Any CPU
		{25A8097F-58DF-4ACC-90D6-75771E50CF80}.Release|Any CPU.ActiveCfg = Release|Any CPU
		{25A8097F-58DF-4ACC-90D6-75771E50CF80}.Release|Any CPU.Build.0 = Release|Any CPU
		{89303699-5925-40E6-8632-C0E44988DE1C}.Debug|Any CPU.ActiveCfg = Debug|Any CPU
		{89303699-5925-40E6-8632-C0E44988DE1C}.Debug|Any CPU.Build.0 = Debug|Any CPU
		{89303699-5925-40E6-8632-C0E44988DE1C}.Release|Any CPU.ActiveCfg = Release|Any CPU
		{89303699-5925-40E6-8632-C0E44988DE1C}.Release|Any CPU.Build.0 = Release|Any CPU
		{353B9965-4C77-43EB-8250-9A7F136C0CCE}.Debug|Any CPU.ActiveCfg = Debug|Any CPU
		{353B9965-4C77-43EB-8250-9A7F136C0CCE}.Debug|Any CPU.Build.0 = Debug|Any CPU
		{353B9965-4C77-43EB-8250-9A7F136C0CCE}.Release|Any CPU.ActiveCfg = Release|Any CPU
		{353B9965-4C77-43EB-8250-9A7F136C0CCE}.Release|Any CPU.Build.0 = Release|Any CPU
	EndGlobalSection
	GlobalSection(SolutionProperties) = preSolution
		HideSolutionNode = FALSE
	EndGlobalSection
EndGlobal
